platform=mac
host=Featherwood
user=
uuid=8625AD2D-22AD-460E-938E-566290CEC42B
app=Scrivener
project_path=/Users/mlaaker/Library/CloudStorage/GoogleDrive-mlaaker@gmail.com/My Drive/Projects/Kəbrä Nägäśt/Builds/The Glory of the Kings of Ethiopia/book-glory-of-the-kings-of-ethiopia/book-glory-of-the-kings-of-ethiopia/KebraNagast1932.scriv
app_path=/Applications/Scrivener.app